<?xml version="1.0" encoding="utf-8"?>
<Project ToolsVersion="4.0" xmlns="http://schemas.microsoft.com/developer/msbuild/2003">
  <ItemGroup>
    <Filter Include="Source Files">
      <UniqueIdentifier>{4FC737F1-C7A5-4376-A066-2A32D752A2FF}</UniqueIdentifier>
      <Extensions>cpp;c;cc;cxx;def;odl;idl;hpj;bat;asm;asmx</Extensions>
    </Filter>
    <Filter Include="Header Files">
      <UniqueIdentifier>{93995380-89BD-4b04-88EB-625FBE52EBFB}</UniqueIdentifier>
      <Extensions>h;hh;hpp;hxx;hm;inl;inc;xsd</Extensions>
    </Filter>
    <Filter Include="Resource Files">
      <UniqueIdentifier>{67DA6AB6-F800-4c08-8B7A-83BB121AAD01}</UniqueIdentifier>
      <Extensions>rc;ico;cur;bmp;dlg;rc2;rct;bin;rgs;gif;jpg;jpeg;jpe;resx;tiff;tif;png;wav;mfcribbon-ms</Extensions>
    </Filter>
    <Filter Include="GraphicElements">
      <UniqueIdentifier>{59e17042-7120-4136-9bfa-a11c10434a58}</UniqueIdentifier>
    </Filter>
    <Filter Include="GraphicElements\Faces">
      <UniqueIdentifier>{ffc74ef3-4c48-4415-8752-7be3765a310a}</UniqueIdentifier>
    </Filter>
    <Filter Include="GraphicElements\Figures">
      <UniqueIdentifier>{6500a7cd-a8b6-46ae-bce7-342a8bfd92b6}</UniqueIdentifier>
    </Filter>
  </ItemGroup>
  <ItemGroup>
    <Text Include="ReadMe.txt" />
  </ItemGroup>
  <ItemGroup>
    <ClInclude Include="LaboratoryWork01.h">
      <Filter>Header Files</Filter>
    </ClInclude>
    <ClInclude Include="LaboratoryWork01Dlg.h">
      <Filter>Header Files</Filter>
    </ClInclude>
    <ClInclude Include="stdafx.h">
      <Filter>Header Files</Filter>
    </ClInclude>
    <ClInclude Include="targetver.h">
      <Filter>Header Files</Filter>
    </ClInclude>
    <ClInclude Include="Resource.h">
      <Filter>Header Files</Filter>
    </ClInclude>
    <ClInclude Include="OGLControl.h">
      <Filter>Header Files</Filter>
    </ClInclude>
    <ClInclude Include="Circle.h">
      <Filter>GraphicElements\Faces</Filter>
    </ClInclude>
    <ClInclude Include="Disc.h">
      <Filter>GraphicElements\Faces</Filter>
    </ClInclude>
    <ClInclude Include="Face.h">
      <Filter>GraphicElements\Faces</Filter>
    </ClInclude>
    <ClInclude Include="Frustum.h">
      <Filter>GraphicElements\Figures</Filter>
    </ClInclude>
    <ClInclude Include="Figure.h">
      <Filter>GraphicElements\Figures</Filter>
    </ClInclude>
    <ClInclude Include="GraphicElement.h">
      <Filter>GraphicElements</Filter>
    </ClInclude>
    <ClInclude Include="Quadrangle.h">
      <Filter>GraphicElements\Faces</Filter>
    </ClInclude>
    <ClInclude Include="SideFace.h">
      <Filter>GraphicElements\Faces</Filter>
    </ClInclude>
    <ClInclude Include="QuadrangulaPrism.h">
      <Filter>Header Files</Filter>
    </ClInclude>
  </ItemGroup>
  <ItemGroup>
    <ClCompile Include="LaboratoryWork01.cpp">
      <Filter>Source Files</Filter>
    </ClCompile>
    <ClCompile Include="LaboratoryWork01Dlg.cpp">
      <Filter>Source Files</Filter>
    </ClCompile>
    <ClCompile Include="stdafx.cpp">
      <Filter>Source Files</Filter>
    </ClCompile>
    <ClCompile Include="OGLControl.cpp">
      <Filter>Source Files</Filter>
    </ClCompile>
    <ClCompile Include="Circle.cpp">
      <Filter>GraphicElements\Faces</Filter>
    </ClCompile>
    <ClCompile Include="Disc.cpp">
      <Filter>GraphicElements\Faces</Filter>
    </ClCompile>
    <ClCompile Include="Face.cpp">
      <Filter>GraphicElements\Faces</Filter>
    </ClCompile>
    <ClCompile Include="Figure.cpp">
      <Filter>GraphicElements\Figures</Filter>
    </ClCompile>
    <ClCompile Include="Frustum.cpp">
      <Filter>GraphicElements\Figures</Filter>
    </ClCompile>
    <ClCompile Include="GraphicElement.cpp">
      <Filter>GraphicElements</Filter>
    </ClCompile>
    <ClCompile Include="Quadrangle.cpp">
      <Filter>GraphicElements\Faces</Filter>
    </ClCompile>
    <ClCompile Include="SideFace.cpp">
      <Filter>GraphicElements\Faces</Filter>
    </ClCompile>
    <ClCompile Include="QuadrangulaPrism.cpp">
      <Filter>Source Files</Filter>
    </ClCompile>
  </ItemGroup>
  <ItemGroup>
    <ResourceCompile Include="LaboratoryWork01.rc">
      <Filter>Resource Files</Filter>
    </ResourceCompile>
  </ItemGroup>
  <ItemGroup>
    <None Include="res\LaboratoryWork01.rc2">
      <Filter>Resource Files</Filter>
    </None>
    <None Include="packages.config" />
    <None Include="circles\circle_smooth18.bin">
      <Filter>Resource Files</Filter>
    </None>
    <None Include="circles\circle_smooth36.bin">
      <Filter>Resource Files</Filter>
    </None>
    <None Include="ClassDiagram.cd" />
  </ItemGroup>
  <ItemGroup>
    <Image Include="res\LaboratoryWork01.ico">
      <Filter>Resource Files</Filter>
    </Image>
  </ItemGroup>
</Project>