<?xml version="1.0" encoding="utf-8"?>
<Project ToolsVersion="4.0" xmlns="http://schemas.microsoft.com/developer/msbuild/2003">
  <ItemGroup>
    <Filter Include="Source Files">
      <UniqueIdentifier>{4FC737F1-C7A5-4376-A066-2A32D752A2FF}</UniqueIdentifier>
      <Extensions>cpp;c;cc;cxx;def;odl;idl;hpj;bat;asm;asmx</Extensions>
    </Filter>
    <Filter Include="Header Files">
      <UniqueIdentifier>{93995380-89BD-4b04-88EB-625FBE52EBFB}</UniqueIdentifier>
      <Extensions>h;hh;hpp;hxx;hm;inl;inc;xsd</Extensions>
    </Filter>
    <Filter Include="Resource Files">
      <UniqueIdentifier>{67DA6AB6-F800-4c08-8B7A-83BB121AAD01}</UniqueIdentifier>
      <Extensions>rc;ico;cur;bmp;dlg;rc2;rct;bin;rgs;gif;jpg;jpeg;jpe;resx;tiff;tif;png;wav;mfcribbon-ms</Extensions>
    </Filter>
  </ItemGroup>
  <ItemGroup>
    <Text Include="ReadMe.txt" />
  </ItemGroup>
  <ItemGroup>
    <ClInclude Include="LaboratoryWork03.h">
      <Filter>Header Files</Filter>
    </ClInclude>
    <ClInclude Include="LaboratoryWork03Dlg.h">
      <Filter>Header Files</Filter>
    </ClInclude>
    <ClInclude Include="stdafx.h">
      <Filter>Header Files</Filter>
    </ClInclude>
    <ClInclude Include="targetver.h">
      <Filter>Header Files</Filter>
    </ClInclude>
    <ClInclude Include="Resource.h">
      <Filter>Header Files</Filter>
    </ClInclude>
    <ClInclude Include="OGLPicture.h">
      <Filter>Header Files</Filter>
    </ClInclude>
    <ClInclude Include="GameModel\Action.h">
      <Filter>Header Files</Filter>
    </ClInclude>
    <ClInclude Include="GameModel\Ant.h">
      <Filter>Header Files</Filter>
    </ClInclude>
    <ClInclude Include="GameModel\Behavior.h">
      <Filter>Header Files</Filter>
    </ClInclude>
    <ClInclude Include="GameModel\BehaviorGenerator.h">
      <Filter>Header Files</Filter>
    </ClInclude>
    <ClInclude Include="GameModel\Cell.h">
      <Filter>Header Files</Filter>
    </ClInclude>
    <ClInclude Include="GameModel\Direction.h">
      <Filter>Header Files</Filter>
    </ClInclude>
    <ClInclude Include="GameModel\GameField.h">
      <Filter>Header Files</Filter>
    </ClInclude>
    <ClInclude Include="GameModel\GameManager.h">
      <Filter>Header Files</Filter>
    </ClInclude>
    <ClInclude Include="GameModel\State.h">
      <Filter>Header Files</Filter>
    </ClInclude>
    <ClInclude Include="GameModel\Transit.h">
      <Filter>Header Files</Filter>
    </ClInclude>
    <ClInclude Include="GameModel\stdafx.h">
      <Filter>Header Files</Filter>
    </ClInclude>
    <ClInclude Include="GameModel\FieldGenerator.h">
      <Filter>Header Files</Filter>
    </ClInclude>
    <ClInclude Include="GameModel\StaticGameFieldGenerator.h">
      <Filter>Header Files</Filter>
    </ClInclude>
  </ItemGroup>
  <ItemGroup>
    <ClCompile Include="LaboratoryWork03.cpp">
      <Filter>Source Files</Filter>
    </ClCompile>
    <ClCompile Include="LaboratoryWork03Dlg.cpp">
      <Filter>Source Files</Filter>
    </ClCompile>
    <ClCompile Include="stdafx.cpp">
      <Filter>Source Files</Filter>
    </ClCompile>
    <ClCompile Include="OGLPicture.cpp">
      <Filter>Source Files</Filter>
    </ClCompile>
    <ClCompile Include="GameModel\Ant.cpp">
      <Filter>Source Files</Filter>
    </ClCompile>
    <ClCompile Include="GameModel\Behavior.cpp">
      <Filter>Source Files</Filter>
    </ClCompile>
    <ClCompile Include="GameModel\BehaviorGenerator.cpp">
      <Filter>Source Files</Filter>
    </ClCompile>
    <ClCompile Include="GameModel\Cell.cpp">
      <Filter>Source Files</Filter>
    </ClCompile>
    <ClCompile Include="GameModel\GameField.cpp">
      <Filter>Source Files</Filter>
    </ClCompile>
    <ClCompile Include="GameModel\GameManager.cpp">
      <Filter>Source Files</Filter>
    </ClCompile>
    <ClCompile Include="GameModel\State.cpp">
      <Filter>Source Files</Filter>
    </ClCompile>
    <ClCompile Include="GameModel\Transit.cpp">
      <Filter>Source Files</Filter>
    </ClCompile>
    <ClCompile Include="GameModel\FieldGenerator.cpp">
      <Filter>Source Files</Filter>
    </ClCompile>
    <ClCompile Include="GameModel\StaticGameFieldGenerator.cpp">
      <Filter>Source Files</Filter>
    </ClCompile>
  </ItemGroup>
  <ItemGroup>
    <ResourceCompile Include="LaboratoryWork03.rc">
      <Filter>Resource Files</Filter>
    </ResourceCompile>
  </ItemGroup>
  <ItemGroup>
    <None Include="res\LaboratoryWork03.rc2">
      <Filter>Resource Files</Filter>
    </None>
    <None Include="packages.config" />
  </ItemGroup>
  <ItemGroup>
    <Image Include="res\LaboratoryWork03.ico">
      <Filter>Resource Files</Filter>
    </Image>
  </ItemGroup>
</Project>